
Microsoft Visual Studio Solution File, Format Version 12.00
# Visual Studio Version 16
VisualStudioVersion = 16.0.32228.343
MinimumVisualStudioVersion = 10.0.40219.1
Project("{9A19103F-16F7-4668-BE54-9A1E7A4F7556}") = "SelfOrganizingMap", "SOFM\SelfOrganizingMap.csproj", "{475E0302-1ABC-48BF-8D9D-C2846601EA53}"
EndProject
Project("{9A19103F-16F7-4668-BE54-9A1E7A4F7556}") = "SOFMTests", "SOFMTests\SOFMTests.csproj", "{B70FBCB3-AF73-4262-B196-92B52B334F57}"
EndProject
Project("{FAE04EC0-301F-11D3-BF4B-00C04F79EFBC}") = "SofUi", "SofUi\SofUi.csproj", "{926F469D-CF1E-49E7-B64E-414B4F15020F}"
EndProject
Global
	GlobalSection(SolutionConfigurationPlatforms) = preSolution
		Debug|Any CPU = Debug|Any CPU
		Release|Any CPU = Release|Any CPU
	EndGlobalSection
	GlobalSection(ProjectConfigurationPlatforms) = postSolution
		{475E0302-1ABC-48BF-8D9D-C2846601EA53}.Debug|Any CPU.ActiveCfg = Debug|Any CPU
		{475E0302-1ABC-48BF-8D9D-C2846601EA53}.Debug|Any CPU.Build.0 = Debug|Any CPU
		{475E0302-1ABC-48BF-8D9D-C2846601EA53}.Release|Any CPU.ActiveCfg = Release|Any CPU
		{475E0302-1ABC-48BF-8D9D-C2846601EA53}.Release|Any CPU.Build.0 = Release|Any CPU
		{B70FBCB3-AF73-4262-B196-92B52B334F57}.Debug|Any CPU.ActiveCfg = Debug|Any CPU
		{B70FBCB3-AF73-4262-B196-92B52B334F57}.Debug|Any CPU.Build.0 = Debug|Any CPU
		{B70FBCB3-AF73-4262-B196-92B52B334F57}.Release|Any CPU.ActiveCfg = Release|Any CPU
		{B70FBCB3-AF73-4262-B196-92B52B334F57}.Release|Any CPU.Build.0 = Release|Any CPU
		{926F469D-CF1E-49E7-B64E-414B4F15020F}.Debug|Any CPU.ActiveCfg = Debug|Any CPU
		{926F469D-CF1E-49E7-B64E-414B4F15020F}.Debug|Any CPU.Build.0 = Debug|Any CPU
		{926F469D-CF1E-49E7-B64E-414B4F15020F}.Release|Any CPU.ActiveCfg = Release|Any CPU
		{926F469D-CF1E-49E7-B64E-414B4F15020F}.Release|Any CPU.Build.0 = Release|Any CPU
	EndGlobalSection
	GlobalSection(SolutionProperties) = preSolution
		HideSolutionNode = FALSE
	EndGlobalSection
	GlobalSection(ExtensibilityGlobals) = postSolution
		SolutionGuid = {233961CB-171B-487E-BDC8-DE6041D45282}
	EndGlobalSection
EndGlobal
